
Microsoft Visual Studio Solution File, Format Version 12.00
# Visual Studio 14
VisualStudioVersion = 14.0.23107.0
MinimumVisualStudioVersion = 10.0.40219.1
Project("{FAE04EC0-301F-11D3-BF4B-00C04F79EFBC}") = "TheBeeGame", "TheBeeGame\TheBeeGame.csproj", "{2B8E6EF9-0C64-4E46-AE30-9AA9B1ED1B5E}"
EndProject
Project("{FAE04EC0-301F-11D3-BF4B-00C04F79EFBC}") = "TheBeeGameTests", "TheBeeGameTests\TheBeeGameTests.csproj", "{8FF43695-6B7D-4BCA-A523-C56C883D4C45}"
EndProject
Global
	GlobalSection(SolutionConfigurationPlatforms) = preSolution
		Debug|Any CPU = Debug|Any CPU
		Release|Any CPU = Release|Any CPU
	EndGlobalSection
	GlobalSection(ProjectConfigurationPlatforms) = postSolution
		{2B8E6EF9-0C64-4E46-AE30-9AA9B1ED1B5E}.Debug|Any CPU.ActiveCfg = Debug|Any CPU
		{2B8E6EF9-0C64-4E46-AE30-9AA9B1ED1B5E}.Debug|Any CPU.Build.0 = Debug|Any CPU
		{2B8E6EF9-0C64-4E46-AE30-9AA9B1ED1B5E}.Release|Any CPU.ActiveCfg = Release|Any CPU
		{2B8E6EF9-0C64-4E46-AE30-9AA9B1ED1B5E}.Release|Any CPU.Build.0 = Release|Any CPU
		{8FF43695-6B7D-4BCA-A523-C56C883D4C45}.Debug|Any CPU.ActiveCfg = Debug|Any CPU
		{8FF43695-6B7D-4BCA-A523-C56C883D4C45}.Debug|Any CPU.Build.0 = Debug|Any CPU
		{8FF43695-6B7D-4BCA-A523-C56C883D4C45}.Release|Any CPU.ActiveCfg = Release|Any CPU
		{8FF43695-6B7D-4BCA-A523-C56C883D4C45}.Release|Any CPU.Build.0 = Release|Any CPU
	EndGlobalSection
	GlobalSection(SolutionProperties) = preSolution
		HideSolutionNode = FALSE
	EndGlobalSection
EndGlobal
